// !$*UTF8*$!
{
	archiveVersion = 1;
	classes = {
	};
	objectVersion = 46;
	objects = {

/* Begin PBXBuildFile section */
		825072B21F18707500904983 /* AppDelegate.swift in Sources */ = {isa = PBXBuildFile; fileRef = 825072B11F18707500904983 /* AppDelegate.swift */; };
		825072B41F18707500904983 /* ViewController.swift in Sources */ = {isa = PBXBuildFile; fileRef = 825072B31F18707500904983 /* ViewController.swift */; };
		825072B71F18707500904983 /* Main.storyboard in Resources */ = {isa = PBXBuildFile; fileRef = 825072B51F18707500904983 /* Main.storyboard */; };
		825072B91F18707500904983 /* Assets.xcassets in Resources */ = {isa = PBXBuildFile; fileRef = 825072B81F18707500904983 /* Assets.xcassets */; };
		825072BC1F18707500904983 /* LaunchScreen.storyboard in Resources */ = {isa = PBXBuildFile; fileRef = 825072BA1F18707500904983 /* LaunchScreen.storyboard */; };
		825072C41F18735500904983 /* pokemon.csv in Resources */ = {isa = PBXBuildFile; fileRef = 825072C31F18735500904983 /* pokemon.csv */; };
		825072C71F18754700904983 /* pokemon.swift in Sources */ = {isa = PBXBuildFile; fileRef = 825072C61F18754700904983 /* pokemon.swift */; };
		825072CA1F19C13200904983 /* PokeCell.swift in Sources */ = {isa = PBXBuildFile; fileRef = 825072C91F19C13200904983 /* PokeCell.swift */; };
		82F4B35D1F1B1D3E00B6899E /* csv.swift in Sources */ = {isa = PBXBuildFile; fileRef = 82F4B35C1F1B1D3E00B6899E /* csv.swift */; };
		82F4B35F1F1B252B00B6899E /* pokemon.ttf in Resources */ = {isa = PBXBuildFile; fileRef = 82F4B35E1F1B252B00B6899E /* pokemon.ttf */; };
		82F4B3641F1B26C900B6899E /* music.png in Resources */ = {isa = PBXBuildFile; fileRef = 82F4B3631F1B26C900B6899E /* music.png */; };
		82F4B3661F1B275E00B6899E /* music.mp3 in Resources */ = {isa = PBXBuildFile; fileRef = 82F4B3651F1B275E00B6899E /* music.mp3 */; };
/* End PBXBuildFile section */

/* Begin PBXFileReference section */
		825072AE1F18707500904983 /* pokedex.app */ = {isa = PBXFileReference; explicitFileType = wrapper.application; includeInIndex = 0; path = pokedex.app; sourceTree = BUILT_PRODUCTS_DIR; };
		825072B11F18707500904983 /* AppDelegate.swift */ = {isa = PBXFileReference; lastKnownFileType = sourcecode.swift; path = AppDelegate.swift; sourceTree = "<group>"; };
		825072B31F18707500904983 /* ViewController.swift */ = {isa = PBXFileReference; lastKnownFileType = sourcecode.swift; path = ViewController.swift; sourceTree = "<group>"; };
		825072B61F18707500904983 /* Base */ = {isa = PBXFileReference; lastKnownFileType = file.storyboard; name = Base; path = Base.lproj/Main.storyboard; sourceTree = "<group>"; };
		825072B81F18707500904983 /* Assets.xcassets */ = {isa = PBXFileReference; lastKnownFileType = folder.assetcatalog; path = Assets.xcassets; sourceTree = "<group>"; };
		825072BB1F18707500904983 /* Base */ = {isa = PBXFileReference; lastKnownFileType = file.storyboard; name = Base; path = Base.lproj/LaunchScreen.storyboard; sourceTree = "<group>"; };
		825072BD1F18707500904983 /* Info.plist */ = {isa = PBXFileReference; lastKnownFileType = text.plist.xml; path = Info.plist; sourceTree = "<group>"; };
		825072C31F18735500904983 /* pokemon.csv */ = {isa = PBXFileReference; fileEncoding = 4; lastKnownFileType = text; path = pokemon.csv; sourceTree = "<group>"; };
		825072C61F18754700904983 /* pokemon.swift */ = {isa = PBXFileReference; fileEncoding = 4; lastKnownFileType = sourcecode.swift; path = pokemon.swift; sourceTree = "<group>"; };
		825072C91F19C13200904983 /* PokeCell.swift */ = {isa = PBXFileReference; fileEncoding = 4; lastKnownFileType = sourcecode.swift; path = PokeCell.swift; sourceTree = "<group>"; };
		82F4B35C1F1B1D3E00B6899E /* csv.swift */ = {isa = PBXFileReference; fileEncoding = 4; lastKnownFileType = sourcecode.swift; path = csv.swift; sourceTree = "<group>"; };
		82F4B35E1F1B252B00B6899E /* pokemon.ttf */ = {isa = PBXFileReference; lastKnownFileType = file; path = pokemon.ttf; sourceTree = "<group>"; };
		82F4B3631F1B26C900B6899E /* music.png */ = {isa = PBXFileReference; lastKnownFileType = image.png; path = music.png; sourceTree = "<group>"; };
		82F4B3651F1B275E00B6899E /* music.mp3 */ = {isa = PBXFileReference; lastKnownFileType = audio.mp3; path = music.mp3; sourceTree = "<group>"; };
/* End PBXFileReference section */

/* Begin PBXFrameworksBuildPhase section */
		825072AB1F18707500904983 /* Frameworks */ = {
			isa = PBXFrameworksBuildPhase;
			buildActionMask = 2147483647;
			files = (
			);
			runOnlyForDeploymentPostprocessing = 0;
		};
/* End PBXFrameworksBuildPhase section */

/* Begin PBXGroup section */
		825072A51F18707500904983 = {
			isa = PBXGroup;
			children = (
				825072B01F18707500904983 /* pokedex */,
				825072AF1F18707500904983 /* Products */,
			);
			sourceTree = "<group>";
		};
		825072AF1F18707500904983 /* Products */ = {
			isa = PBXGroup;
			children = (
				825072AE1F18707500904983 /* pokedex.app */,
			);
			name = Products;
			sourceTree = "<group>";
		};
		825072B01F18707500904983 /* pokedex */ = {
			isa = PBXGroup;
			children = (
				82F4B3621F1B255D00B6899E /* Util */,
				82F4B3611F1B254C00B6899E /* Resources */,
				825072C51F18752200904983 /* Model */,
				825072C81F19C11200904983 /* View */,
				82F4B3601F1B253E00B6899E /* Controller */,
				825072B11F18707500904983 /* AppDelegate.swift */,
				825072B51F18707500904983 /* Main.storyboard */,
				825072B81F18707500904983 /* Assets.xcassets */,
				825072BA1F18707500904983 /* LaunchScreen.storyboard */,
				825072BD1F18707500904983 /* Info.plist */,
			);
			path = pokedex;
			sourceTree = "<group>";
		};
		825072C51F18752200904983 /* Model */ = {
			isa = PBXGroup;
			children = (
				825072C61F18754700904983 /* pokemon.swift */,
			);
			name = Model;
			sourceTree = "<group>";
		};
		825072C81F19C11200904983 /* View */ = {
			isa = PBXGroup;
			children = (
				825072C91F19C13200904983 /* PokeCell.swift */,
			);
			name = View;
			sourceTree = "<group>";
		};
		82F4B3601F1B253E00B6899E /* Controller */ = {
			isa = PBXGroup;
			children = (
				825072B31F18707500904983 /* ViewController.swift */,
			);
			name = Controller;
			sourceTree = "<group>";
		};
		82F4B3611F1B254C00B6899E /* Resources */ = {
			isa = PBXGroup;
			children = (
				82F4B3631F1B26C900B6899E /* music.png */,
				82F4B3651F1B275E00B6899E /* music.mp3 */,
				82F4B35E1F1B252B00B6899E /* pokemon.ttf */,
				825072C31F18735500904983 /* pokemon.csv */,
			);
			name = Resources;
			sourceTree = "<group>";
		};
		82F4B3621F1B255D00B6899E /* Util */ = {
			isa = PBXGroup;
			children = (
				82F4B35C1F1B1D3E00B6899E /* csv.swift */,
			);
			name = Util;
			sourceTree = "<group>";
		};
/* End PBXGroup section */

/* Begin PBXNativeTarget section */
		825072AD1F18707500904983 /* pokedex */ = {
			isa = PBXNativeTarget;
			buildConfigurationList = 825072C01F18707500904983 /* Build configuration list for PBXNativeTarget "pokedex" */;
			buildPhases = (
				825072AA1F18707500904983 /* Sources */,
				825072AB1F18707500904983 /* Frameworks */,
				825072AC1F18707500904983 /* Resources */,
			);
			buildRules = (
			);
			dependencies = (
			);
			name = pokedex;
			productName = pokedex;
			productReference = 825072AE1F18707500904983 /* pokedex.app */;
			productType = "com.apple.product-type.application";
		};
/* End PBXNativeTarget section */

/* Begin PBXProject section */
		825072A61F18707500904983 /* Project object */ = {
			isa = PBXProject;
			attributes = {
				LastSwiftUpdateCheck = 0830;
				LastUpgradeCheck = 0830;
				ORGANIZATIONNAME = "Mathusan Selvarajah";
				TargetAttributes = {
					825072AD1F18707500904983 = {
						CreatedOnToolsVersion = 8.3.3;
						DevelopmentTeam = 3GL338SD7Q;
						LastSwiftMigration = 0830;
						ProvisioningStyle = Automatic;
					};
				};
			};
			buildConfigurationList = 825072A91F18707500904983 /* Build configuration list for PBXProject "pokedex" */;
			compatibilityVersion = "Xcode 3.2";
			developmentRegion = English;
			hasScannedForEncodings = 0;
			knownRegions = (
				en,
				Base,
			);
			mainGroup = 825072A51F18707500904983;
			productRefGroup = 825072AF1F18707500904983 /* Products */;
			projectDirPath = "";
			projectRoot = "";
			targets = (
				825072AD1F18707500904983 /* pokedex */,
			);
		};
/* End PBXProject section */

/* Begin PBXResourcesBuildPhase section */
		825072AC1F18707500904983 /* Resources */ = {
			isa = PBXResourcesBuildPhase;
			buildActionMask = 2147483647;
			files = (
				82F4B35F1F1B252B00B6899E /* pokemon.ttf in Resources */,
				825072BC1F18707500904983 /* LaunchScreen.storyboard in Resources */,
				825072B91F18707500904983 /* Assets.xcassets in Resources */,
				825072C41F18735500904983 /* pokemon.csv in Resources */,
				825072B71F18707500904983 /* Main.storyboard in Resources */,
				82F4B3661F1B275E00B6899E /* music.mp3 in Resources */,
				82F4B3641F1B26C900B6899E /* music.png in Resources */,
			);
			runOnlyForDeploymentPostprocessing = 0;
		};
/* End PBXResourcesBuildPhase section */

/* Begin PBXSourcesBuildPhase section */
		825072AA1F18707500904983 /* Sources */ = {
			isa = PBXSourcesBuildPhase;
			buildActionMask = 2147483647;
			files = (
				825072CA1F19C13200904983 /* PokeCell.swift in Sources */,
				825072C71F18754700904983 /* pokemon.swift in Sources */,
				825072B41F18707500904983 /* ViewController.swift in Sources */,
				825072B21F18707500904983 /* AppDelegate.swift in Sources */,
				82F4B35D1F1B1D3E00B6899E /* csv.swift in Sources */,
			);
			runOnlyForDeploymentPostprocessing = 0;
		};
/* End PBXSourcesBuildPhase section */

/* Begin PBXVariantGroup section */
		825072B51F18707500904983 /* Main.storyboard */ = {
			isa = PBXVariantGroup;
			children = (
				825072B61F18707500904983 /* Base */,
			);
			name = Main.storyboard;
			sourceTree = "<group>";
		};
		825072BA1F18707500904983 /* LaunchScreen.storyboard */ = {
			isa = PBXVariantGroup;
			children = (
				825072BB1F18707500904983 /* Base */,
			);
			name = LaunchScreen.storyboard;
			sourceTree = "<group>";
		};
/* End PBXVariantGroup section */

/* Begin XCBuildConfiguration section */
		825072BE1F18707500904983 /* Debug */ = {
			isa = XCBuildConfiguration;
			buildSettings = {
				ALWAYS_SEARCH_USER_PATHS = NO;
				CLANG_ANALYZER_NONNULL = YES;
				CLANG_ANALYZER_NUMBER_OBJECT_CONVERSION = YES_AGGRESSIVE;
				CLANG_CXX_LANGUAGE_STANDARD = "gnu++0x";
				CLANG_CXX_LIBRARY = "libc++";
				CLANG_ENABLE_MODULES = YES;
				CLANG_ENABLE_OBJC_ARC = YES;
				CLANG_WARN_BOOL_CONVERSION = YES;
				CLANG_WARN_CONSTANT_CONVERSION = YES;
				CLANG_WARN_DIRECT_OBJC_ISA_USAGE = YES_ERROR;
				CLANG_WARN_DOCUMENTATION_COMMENTS = YES;
				CLANG_WARN_EMPTY_BODY = YES;
				CLANG_WARN_ENUM_CONVERSION = YES;
				CLANG_WARN_INFINITE_RECURSION = YES;
				CLANG_WARN_INT_CONVERSION = YES;
				CLANG_WARN_OBJC_ROOT_CLASS = YES_ERROR;
				CLANG_WARN_SUSPICIOUS_MOVE = YES;
				CLANG_WARN_UNREACHABLE_CODE = YES;
				CLANG_WARN__DUPLICATE_METHOD_MATCH = YES;
				"CODE_SIGN_IDENTITY[sdk=iphoneos*]" = "iPhone Developer";
				COPY_PHASE_STRIP = NO;
				DEBUG_INFORMATION_FORMAT = dwarf;
				ENABLE_STRICT_OBJC_MSGSEND = YES;
				ENABLE_TESTABILITY = YES;
				GCC_C_LANGUAGE_STANDARD = gnu99;
				GCC_DYNAMIC_NO_PIC = NO;
				GCC_NO_COMMON_BLOCKS = YES;
				GCC_OPTIMIZATION_LEVEL = 0;
				GCC_PREPROCESSOR_DEFINITIONS = (
					"DEBUG=1",
					"$(inherited)",
				);
				GCC_WARN_64_TO_32_BIT_CONVERSION = YES;
				GCC_WARN_ABOUT_RETURN_TYPE = YES_ERROR;
				GCC_WARN_UNDECLARED_SELECTOR = YES;
				GCC_WARN_UNINITIALIZED_AUTOS = YES_AGGRESSIVE;
				GCC_WARN_UNUSED_FUNCTION = YES;
				GCC_WARN_UNUSED_VARIABLE = YES;
				IPHONEOS_DEPLOYMENT_TARGET = 10.3;
				MTL_ENABLE_DEBUG_INFO = YES;
				ONLY_ACTIVE_ARCH = YES;
				SDKROOT = iphoneos;
				SWIFT_ACTIVE_COMPILATION_CONDITIONS = DEBUG;
				SWIFT_OPTIMIZATION_LEVEL = "-Onone";
				TARGETED_DEVICE_FAMILY = "1,2";
			};
			name = Debug;
		};
		825072BF1F18707500904983 /* Release */ = {
			isa = XCBuildConfiguration;
			buildSettings = {
				ALWAYS_SEARCH_USER_PATHS = NO;
				CLANG_ANALYZER_NONNULL = YES;
				CLANG_ANALYZER_NUMBER_OBJECT_CONVERSION = YES_AGGRESSIVE;
				CLANG_CXX_LANGUAGE_STANDARD = "gnu++0x";
				CLANG_CXX_LIBRARY = "libc++";
				CLANG_ENABLE_MODULES = YES;
				CLANG_ENABLE_OBJC_ARC = YES;
				CLANG_WARN_BOOL_CONVERSION = YES;
				CLANG_WARN_CONSTANT_CONVERSION = YES;
				CLANG_WARN_DIRECT_OBJC_ISA_USAGE = YES_ERROR;
				CLANG_WARN_DOCUMENTATION_COMMENTS = YES;
				CLANG_WARN_EMPTY_BODY = YES;
				CLANG_WARN_ENUM_CONVERSION = YES;
				CLANG_WARN_INFINITE_RECURSION = YES;
				CLANG_WARN_INT_CONVERSION = YES;
				CLANG_WARN_OBJC_ROOT_CLASS = YES_ERROR;
				CLANG_WARN_SUSPICIOUS_MOVE = YES;
				CLANG_WARN_UNREACHABLE_CODE = YES;
				CLANG_WARN__DUPLICATE_METHOD_MATCH = YES;
				"CODE_SIGN_IDENTITY[sdk=iphoneos*]" = "iPhone Developer";
				COPY_PHASE_STRIP = NO;
				DEBUG_INFORMATION_FORMAT = "dwarf-with-dsym";
				ENABLE_NS_ASSERTIONS = NO;
				ENABLE_STRICT_OBJC_MSGSEND = YES;
				GCC_C_LANGUAGE_STANDARD = gnu99;
				GCC_NO_COMMON_BLOCKS = YES;
				GCC_WARN_64_TO_32_BIT_CONVERSION = YES;
				GCC_WARN_ABOUT_RETURN_TYPE = YES_ERROR;
				GCC_WARN_UNDECLARED_SELECTOR = YES;
				GCC_WARN_UNINITIALIZED_AUTOS = YES_AGGRESSIVE;
				GCC_WARN_UNUSED_FUNCTION = YES;
				GCC_WARN_UNUSED_VARIABLE = YES;
				IPHONEOS_DEPLOYMENT_TARGET = 10.3;
				MTL_ENABLE_DEBUG_INFO = NO;
				SDKROOT = iphoneos;
				SWIFT_OPTIMIZATION_LEVEL = "-Owholemodule";
				TARGETED_DEVICE_FAMILY = "1,2";
				VALIDATE_PRODUCT = YES;
			};
			name = Release;
		};
		825072C11F18707500904983 /* Debug */ = {
			isa = XCBuildConfiguration;
			buildSettings = {
				ASSETCATALOG_COMPILER_APPICON_NAME = AppIcon;
				DEVELOPMENT_TEAM = 3GL338SD7Q;
				INFOPLIST_FILE = pokedex/Info.plist;
				LD_RUNPATH_SEARCH_PATHS = "$(inherited) @executable_path/Frameworks";
				PRODUCT_BUNDLE_IDENTIFIER = me.mathusan.pokedex;
				PRODUCT_NAME = "$(TARGET_NAME)";
				SWIFT_VERSION = 3.0;
			};
			name = Debug;
		};
		825072C21F18707500904983 /* Release */ = {
			isa = XCBuildConfiguration;
			buildSettings = {
				ASSETCATALOG_COMPILER_APPICON_NAME = AppIcon;
				DEVELOPMENT_TEAM = 3GL338SD7Q;
				INFOPLIST_FILE = pokedex/Info.plist;
				LD_RUNPATH_SEARCH_PATHS = "$(inherited) @executable_path/Frameworks";
				PRODUCT_BUNDLE_IDENTIFIER = me.mathusan.pokedex;
				PRODUCT_NAME = "$(TARGET_NAME)";
				SWIFT_VERSION = 3.0;
			};
			name = Release;
		};
/* End XCBuildConfiguration section */

/* Begin XCConfigurationList section */
		825072A91F18707500904983 /* Build configuration list for PBXProject "pokedex" */ = {
			isa = XCConfigurationList;
			buildConfigurations = (
				825072BE1F18707500904983 /* Debug */,
				825072BF1F18707500904983 /* Release */,
			);
			defaultConfigurationIsVisible = 0;
			defaultConfigurationName = Release;
		};
		825072C01F18707500904983 /* Build configuration list for PBXNativeTarget "pokedex" */ = {
			isa = XCConfigurationList;
			buildConfigurations = (
				825072C11F18707500904983 /* Debug */,
				825072C21F18707500904983 /* Release */,
			);
			defaultConfigurationIsVisible = 0;
			defaultConfigurationName = Release;
		};
/* End XCConfigurationList section */
	};
	rootObject = 825072A61F18707500904983 /* Project object */;
}
